
Microsoft Visual Studio Solution File, Format Version 12.00
# Visual Studio Version 17
VisualStudioVersion = 17.5.33627.172
MinimumVisualStudioVersion = 10.0.40219.1
Project("{FAE04EC0-301F-11D3-BF4B-00C04F79EFBC}") = "Barcode", "Barcode.csproj", "{783966F9-130A-47C6-BDB4-056F551C1645}"
EndProject
Global
	GlobalSection(SolutionConfigurationPlatforms) = preSolution
		Debug|Any CPU = Debug|Any CPU
		Release|Any CPU = Release|Any CPU
	EndGlobalSection
	GlobalSection(ProjectConfigurationPlatforms) = postSolution
		{783966F9-130A-47C6-BDB4-056F551C1645}.Debug|Any CPU.ActiveCfg = Debug|Any CPU
		{783966F9-130A-47C6-BDB4-056F551C1645}.Debug|Any CPU.Build.0 = Debug|Any CPU
		{783966F9-130A-47C6-BDB4-056F551C1645}.Release|Any CPU.ActiveCfg = Release|Any CPU
		{783966F9-130A-47C6-BDB4-056F551C1645}.Release|Any CPU.Build.0 = Release|Any CPU
	EndGlobalSection
	GlobalSection(SolutionProperties) = preSolution
		HideSolutionNode = FALSE
	EndGlobalSection
	GlobalSection(ExtensibilityGlobals) = postSolution
		SolutionGuid = {ED832B8E-3EF5-4E85-8145-9A26C0DA2007}
	EndGlobalSection
EndGlobal
